
Microsoft Visual Studio Solution File, Format Version 12.00
# Visual Studio Version 17
VisualStudioVersion = 17.7.34202.233
MinimumVisualStudioVersion = 10.0.40219.1
Project("{FAE04EC0-301F-11D3-BF4B-00C04F79EFBC}") = "Katmanli_Mimari", "Katmanli_Mimari\Katmanli_Mimari.csproj", "{7E472338-48B0-40D1-81A9-3D72FACC9F92}"
EndProject
Global
	GlobalSection(SolutionConfigurationPlatforms) = preSolution
		Debug|Any CPU = Debug|Any CPU
		Release|Any CPU = Release|Any CPU
	EndGlobalSection
	GlobalSection(ProjectConfigurationPlatforms) = postSolution
		{7E472338-48B0-40D1-81A9-3D72FACC9F92}.Debug|Any CPU.ActiveCfg = Debug|Any CPU
		{7E472338-48B0-40D1-81A9-3D72FACC9F92}.Debug|Any CPU.Build.0 = Debug|Any CPU
		{7E472338-48B0-40D1-81A9-3D72FACC9F92}.Release|Any CPU.ActiveCfg = Release|Any CPU
		{7E472338-48B0-40D1-81A9-3D72FACC9F92}.Release|Any CPU.Build.0 = Release|Any CPU
	EndGlobalSection
	GlobalSection(SolutionProperties) = preSolution
		HideSolutionNode = FALSE
	EndGlobalSection
	GlobalSection(ExtensibilityGlobals) = postSolution
		SolutionGuid = {7EE29DD5-70E8-4680-A1C4-0C1DF1103AD5}
	EndGlobalSection
EndGlobal
